
Microsoft Visual Studio Solution File, Format Version 12.00
# Visual Studio 14
VisualStudioVersion = 14.0.25420.1
MinimumVisualStudioVersion = 10.0.40219.1
Project("{2150E333-8FDC-42A3-9474-1A3956D46DE8}") = ".paket", ".paket", "{A5942954-74D2-429F-80D1-B4D54EB0967F}"
	ProjectSection(SolutionItems) = preProject
		paket.dependencies = paket.dependencies
	EndProjectSection
EndProject
Project("{2150E333-8FDC-42A3-9474-1A3956D46DE8}") = "Solution Items", "Solution Items", "{CC4BD4C5-FCBF-4E3C-9F44-1919AEC069CE}"
	ProjectSection(SolutionItems) = preProject
		paket.dependencies = paket.dependencies
		README.md = README.md
	EndProjectSection
EndProject
Project("{F2A71F9B-5D33-465A-A702-920D77279786}") = "R4nd0mApps.XTestPlatform.Api", "R4nd0mApps.XTestPlatform.Api\R4nd0mApps.XTestPlatform.Api.fsproj", "{84693096-CBA0-518B-900A-3B48D21C5459}"
EndProject
Project("{F2A71F9B-5D33-465A-A702-920D77279786}") = "R4nd0mApps.XTestPlatform.VS", "R4nd0mApps.XTestPlatform.VS\R4nd0mApps.XTestPlatform.VS.fsproj", "{0A51D50A-893D-4082-9677-2ACF5DD943A4}"
EndProject
Project("{F2A71F9B-5D33-465A-A702-920D77279786}") = "R4nd0mApps.XTestPlatform.VS.UnitTests", "R4nd0mApps.XTestPlatform.VS.UnitTests\R4nd0mApps.XTestPlatform.VS.UnitTests.fsproj", "{0A51D50A-893D-5193-9677-2ACF5DD943A4}"
EndProject
Project("{F2A71F9B-5D33-465A-A702-920D77279786}") = "R4nd0mApps.XTestPlatform.XUnit", "R4nd0mApps.XTestPlatform.XUnit\R4nd0mApps.XTestPlatform.XUnit.fsproj", "{0A51E61B-893D-4082-9677-2ACF5DD943A4}"
EndProject
Project("{F2A71F9B-5D33-465A-A702-920D77279786}") = "R4nd0mApps.XTestPlatform.NUnit2", "R4nd0mApps.XTestPlatform.NUnit2\R4nd0mApps.XTestPlatform.NUnit2.fsproj", "{0A51F72C-893D-4082-9677-2ACF5DD943A4}"
EndProject
Project("{F2A71F9B-5D33-465A-A702-920D77279786}") = "R4nd0mApps.XTestPlatform.NUnit3", "R4nd0mApps.XTestPlatform.NUnit3\R4nd0mApps.XTestPlatform.NUnit3.fsproj", "{0A51083D-893D-4082-9677-2ACF5DD943A4}"
EndProject
Project("{F2A71F9B-5D33-465A-A702-920D77279786}") = "R4nd0mApps.XTestPlatform.UnitTests", "R4nd0mApps.XTestPlatform.UnitTests\R4nd0mApps.XTestPlatform.UnitTests.fsproj", "{0A62D50A-893D-5193-9677-2ACF5DD943A4}"
EndProject
Global
	GlobalSection(SolutionConfigurationPlatforms) = preSolution
		Debug|Any CPU = Debug|Any CPU
		Release|Any CPU = Release|Any CPU
	EndGlobalSection
	GlobalSection(ProjectConfigurationPlatforms) = postSolution
		{84693096-CBA0-518B-900A-3B48D21C5459}.Debug|Any CPU.ActiveCfg = Debug|Any CPU
		{84693096-CBA0-518B-900A-3B48D21C5459}.Debug|Any CPU.Build.0 = Debug|Any CPU
		{84693096-CBA0-518B-900A-3B48D21C5459}.Release|Any CPU.ActiveCfg = Release|Any CPU
		{84693096-CBA0-518B-900A-3B48D21C5459}.Release|Any CPU.Build.0 = Release|Any CPU
		{0A51D50A-893D-4082-9677-2ACF5DD943A4}.Debug|Any CPU.ActiveCfg = Debug|Any CPU
		{0A51D50A-893D-4082-9677-2ACF5DD943A4}.Debug|Any CPU.Build.0 = Debug|Any CPU
		{0A51D50A-893D-4082-9677-2ACF5DD943A4}.Release|Any CPU.ActiveCfg = Release|Any CPU
		{0A51D50A-893D-4082-9677-2ACF5DD943A4}.Release|Any CPU.Build.0 = Release|Any CPU
		{0A51D50A-893D-5193-9677-2ACF5DD943A4}.Debug|Any CPU.ActiveCfg = Debug|Any CPU
		{0A51D50A-893D-5193-9677-2ACF5DD943A4}.Debug|Any CPU.Build.0 = Debug|Any CPU
		{0A51D50A-893D-5193-9677-2ACF5DD943A4}.Release|Any CPU.ActiveCfg = Release|Any CPU
		{0A51D50A-893D-5193-9677-2ACF5DD943A4}.Release|Any CPU.Build.0 = Release|Any CPU
		{0A51E61B-893D-4082-9677-2ACF5DD943A4}.Debug|Any CPU.ActiveCfg = Debug|Any CPU
		{0A51E61B-893D-4082-9677-2ACF5DD943A4}.Debug|Any CPU.Build.0 = Debug|Any CPU
		{0A51E61B-893D-4082-9677-2ACF5DD943A4}.Release|Any CPU.ActiveCfg = Release|Any CPU
		{0A51E61B-893D-4082-9677-2ACF5DD943A4}.Release|Any CPU.Build.0 = Release|Any CPU
		{0A51F72C-893D-4082-9677-2ACF5DD943A4}.Debug|Any CPU.ActiveCfg = Debug|Any CPU
		{0A51F72C-893D-4082-9677-2ACF5DD943A4}.Debug|Any CPU.Build.0 = Debug|Any CPU
		{0A51F72C-893D-4082-9677-2ACF5DD943A4}.Release|Any CPU.ActiveCfg = Release|Any CPU
		{0A51F72C-893D-4082-9677-2ACF5DD943A4}.Release|Any CPU.Build.0 = Release|Any CPU
		{0A51083D-893D-4082-9677-2ACF5DD943A4}.Debug|Any CPU.ActiveCfg = Debug|Any CPU
		{0A51083D-893D-4082-9677-2ACF5DD943A4}.Debug|Any CPU.Build.0 = Debug|Any CPU
		{0A51083D-893D-4082-9677-2ACF5DD943A4}.Release|Any CPU.ActiveCfg = Release|Any CPU
		{0A51083D-893D-4082-9677-2ACF5DD943A4}.Release|Any CPU.Build.0 = Release|Any CPU
		{0A62D50A-893D-5193-9677-2ACF5DD943A4}.Debug|Any CPU.ActiveCfg = Debug|Any CPU
		{0A62D50A-893D-5193-9677-2ACF5DD943A4}.Debug|Any CPU.Build.0 = Debug|Any CPU
		{0A62D50A-893D-5193-9677-2ACF5DD943A4}.Release|Any CPU.ActiveCfg = Release|Any CPU
		{0A62D50A-893D-5193-9677-2ACF5DD943A4}.Release|Any CPU.Build.0 = Release|Any CPU
	EndGlobalSection
	GlobalSection(SolutionProperties) = preSolution
		HideSolutionNode = FALSE
	EndGlobalSection
EndGlobal
